
Microsoft Visual Studio Solution File, Format Version 12.00
# Visual Studio Version 17
VisualStudioVersion = 17.4.33213.308
MinimumVisualStudioVersion = 10.0.40219.1
Project("{FAE04EC0-301F-11D3-BF4B-00C04F79EFBC}") = "VkPostReader", "VkPostReader.csproj", "{B3E579C3-2FF5-47BC-B094-75663F9F6E2C}"
EndProject
Global
	GlobalSection(SolutionConfigurationPlatforms) = preSolution
		Debug|Any CPU = Debug|Any CPU
		Release|Any CPU = Release|Any CPU
	EndGlobalSection
	GlobalSection(ProjectConfigurationPlatforms) = postSolution
		{B3E579C3-2FF5-47BC-B094-75663F9F6E2C}.Debug|Any CPU.ActiveCfg = Debug|Any CPU
		{B3E579C3-2FF5-47BC-B094-75663F9F6E2C}.Debug|Any CPU.Build.0 = Debug|Any CPU
		{B3E579C3-2FF5-47BC-B094-75663F9F6E2C}.Release|Any CPU.ActiveCfg = Release|Any CPU
		{B3E579C3-2FF5-47BC-B094-75663F9F6E2C}.Release|Any CPU.Build.0 = Release|Any CPU
	EndGlobalSection
	GlobalSection(SolutionProperties) = preSolution
		HideSolutionNode = FALSE
	EndGlobalSection
	GlobalSection(ExtensibilityGlobals) = postSolution
		SolutionGuid = {680905B3-5AD5-4D88-9159-19BBE056D75E}
	EndGlobalSection
EndGlobal
